Microsoft Visual Studio Solution File, Format Version 12.00
# Visual Studio Version 17
VisualStudioVersion = 17.8.0.0
MinimumVisualStudioVersion = 10.0.40219.1
Project("{9A19103F-16F7-4668-BE54-9A1E7A4F7556}") = "SimpleMoxieSwitcher", "SimpleMoxieSwitcher\SimpleMoxieSwitcher.csproj", "{A7B2E1F3-8D4C-4E5A-9F3B-1C2D3E4F5A6B}"
EndProject
Global
	GlobalSection(SolutionConfigurationPlatforms) = preSolution
		Debug|Any CPU = Debug|Any CPU
		Debug|x64 = Debug|x64
		Debug|x86 = Debug|x86
		Release|Any CPU = Release|Any CPU
		Release|x64 = Release|x64
		Release|x86 = Release|x86
	EndGlobalSection
	GlobalSection(ProjectConfigurationPlatforms) = postSolution
		{A7B2E1F3-8D4C-4E5A-9F3B-1C2D3E4F5A6B}.Debug|Any CPU.ActiveCfg = Debug|Any CPU
		{A7B2E1F3-8D4C-4E5A-9F3B-1C2D3E4F5A6B}.Debug|Any CPU.Build.0 = Debug|Any CPU
		{A7B2E1F3-8D4C-4E5A-9F3B-1C2D3E4F5A6B}.Debug|x64.ActiveCfg = Debug|x64
		{A7B2E1F3-8D4C-4E5A-9F3B-1C2D3E4F5A6B}.Debug|x64.Build.0 = Debug|x64
		{A7B2E1F3-8D4C-4E5A-9F3B-1C2D3E4F5A6B}.Debug|x86.ActiveCfg = Debug|x86
		{A7B2E1F3-8D4C-4E5A-9F3B-1C2D3E4F5A6B}.Debug|x86.Build.0 = Debug|x86
		{A7B2E1F3-8D4C-4E5A-9F3B-1C2D3E4F5A6B}.Release|Any CPU.ActiveCfg = Release|Any CPU
		{A7B2E1F3-8D4C-4E5A-9F3B-1C2D3E4F5A6B}.Release|Any CPU.Build.0 = Release|Any CPU
		{A7B2E1F3-8D4C-4E5A-9F3B-1C2D3E4F5A6B}.Release|x64.ActiveCfg = Release|x64
		{A7B2E1F3-8D4C-4E5A-9F3B-1C2D3E4F5A6B}.Release|x64.Build.0 = Release|x64
		{A7B2E1F3-8D4C-4E5A-9F3B-1C2D3E4F5A6B}.Release|x86.ActiveCfg = Release|x86
		{A7B2E1F3-8D4C-4E5A-9F3B-1C2D3E4F5A6B}.Release|x86.Build.0 = Release|x86
	EndGlobalSection
	GlobalSection(SolutionProperties) = preSolution
		HideSolutionNode = FALSE
	EndGlobalSection
	GlobalSection(ExtensibilityGlobals) = postSolution
		SolutionGuid = {B4C5D3E2-9F8A-4B7C-8D1E-2A3F4G5H6I7J}
	EndGlobalSection
EndGlobal